
Microsoft Visual Studio Solution File, Format Version 12.00
# Visual Studio 2013
VisualStudioVersion = 12.0.31101.0
MinimumVisualStudioVersion = 10.0.40219.1
Project("{FAE04EC0-301F-11D3-BF4B-00C04F79EFBC}") = "Lab12 Угадайка с оппонентом", "Lab12 Угадайка с оппонентом\Lab12 Угадайка с оппонентом.csproj", "{F7852F44-1D1E-4D86-B0D4-66F7E0D0F7A7}"
EndProject
Global
	GlobalSection(SolutionConfigurationPlatforms) = preSolution
		Debug|Any CPU = Debug|Any CPU
		Release|Any CPU = Release|Any CPU
	EndGlobalSection
	GlobalSection(ProjectConfigurationPlatforms) = postSolution
		{F7852F44-1D1E-4D86-B0D4-66F7E0D0F7A7}.Debug|Any CPU.ActiveCfg = Debug|Any CPU
		{F7852F44-1D1E-4D86-B0D4-66F7E0D0F7A7}.Debug|Any CPU.Build.0 = Debug|Any CPU
		{F7852F44-1D1E-4D86-B0D4-66F7E0D0F7A7}.Release|Any CPU.ActiveCfg = Release|Any CPU
		{F7852F44-1D1E-4D86-B0D4-66F7E0D0F7A7}.Release|Any CPU.Build.0 = Release|Any CPU
	EndGlobalSection
	GlobalSection(SolutionProperties) = preSolution
		HideSolutionNode = FALSE
	EndGlobalSection
EndGlobal
