
Microsoft Visual Studio Solution File, Format Version 12.00
# Visual Studio 2013
VisualStudioVersion = 12.0.31101.0
MinimumVisualStudioVersion = 10.0.40219.1
Project("{FAE04EC0-301F-11D3-BF4B-00C04F79EFBC}") = "Lab3.1-2", "Lab3\Lab3.1-2.csproj", "{2B9DDA1A-754F-45DD-9D1B-E7F71ADC4683}"
EndProject
Project("{FAE04EC0-301F-11D3-BF4B-00C04F79EFBC}") = "Lab3.3", "Lab3.3\Lab3.3.csproj", "{58AA9333-4A29-42B8-8061-7A811D4438BB}"
EndProject
Project("{FAE04EC0-301F-11D3-BF4B-00C04F79EFBC}") = "Lab3.4", "Lab3.4\Lab3.4.csproj", "{F3AC7E56-38F1-4911-9C33-4DEA410B15C7}"
EndProject
Project("{FAE04EC0-301F-11D3-BF4B-00C04F79EFBC}") = "Lab3.5", "Lab3.5\Lab3.5.csproj", "{7B98D4DD-D95B-4F2D-A626-0E20EA859813}"
EndProject
Project("{FAE04EC0-301F-11D3-BF4B-00C04F79EFBC}") = "Lab3.6", "Lab3.6\Lab3.6.csproj", "{9708562F-4051-4D7F-B773-A0B7783BAA1E}"
EndProject
Project("{FAE04EC0-301F-11D3-BF4B-00C04F79EFBC}") = "Lab3.7-8", "Lab3.7-8\Lab3.7-8.csproj", "{20101D23-A224-48BF-9F9E-8D54B89CBED6}"
EndProject
Project("{FAE04EC0-301F-11D3-BF4B-00C04F79EFBC}") = "Lab3.9", "Lab3.9\Lab3.9.csproj", "{45B2DEEE-BE2A-4E98-957B-E7E83712B6C5}"
EndProject
Project("{FAE04EC0-301F-11D3-BF4B-00C04F79EFBC}") = "Lab3.10-4", "Lab3.10-4\Lab3.10-4.csproj", "{3C4F8BC0-D4FE-4514-B0FB-03B1B5C8DA22}"
EndProject
Project("{FAE04EC0-301F-11D3-BF4B-00C04F79EFBC}") = "Lab3.10-28", "Lab3.10-28\Lab3.10-28.csproj", "{5824CEE9-4F99-4208-89CE-9025BC85E00B}"
EndProject
Project("{FAE04EC0-301F-11D3-BF4B-00C04F79EFBC}") = "Lab3.10-52", "Lab3.10-52\Lab3.10-52.csproj", "{F5B46DD1-6FD2-4EBD-81D7-6292C6136876}"
EndProject
Project("{FAE04EC0-301F-11D3-BF4B-00C04F79EFBC}") = "Lab3.10-76", "Lab3.10-76\Lab3.10-76.csproj", "{D1F4569F-72CE-4CDC-9A4E-6C60BDC64A84}"
EndProject
Global
	GlobalSection(SolutionConfigurationPlatforms) = preSolution
		Debug|Any CPU = Debug|Any CPU
		Release|Any CPU = Release|Any CPU
	EndGlobalSection
	GlobalSection(ProjectConfigurationPlatforms) = postSolution
		{2B9DDA1A-754F-45DD-9D1B-E7F71ADC4683}.Debug|Any CPU.ActiveCfg = Debug|Any CPU
		{2B9DDA1A-754F-45DD-9D1B-E7F71ADC4683}.Debug|Any CPU.Build.0 = Debug|Any CPU
		{2B9DDA1A-754F-45DD-9D1B-E7F71ADC4683}.Release|Any CPU.ActiveCfg = Release|Any CPU
		{2B9DDA1A-754F-45DD-9D1B-E7F71ADC4683}.Release|Any CPU.Build.0 = Release|Any CPU
		{58AA9333-4A29-42B8-8061-7A811D4438BB}.Debug|Any CPU.ActiveCfg = Debug|Any CPU
		{58AA9333-4A29-42B8-8061-7A811D4438BB}.Debug|Any CPU.Build.0 = Debug|Any CPU
		{58AA9333-4A29-42B8-8061-7A811D4438BB}.Release|Any CPU.ActiveCfg = Release|Any CPU
		{58AA9333-4A29-42B8-8061-7A811D4438BB}.Release|Any CPU.Build.0 = Release|Any CPU
		{F3AC7E56-38F1-4911-9C33-4DEA410B15C7}.Debug|Any CPU.ActiveCfg = Debug|Any CPU
		{F3AC7E56-38F1-4911-9C33-4DEA410B15C7}.Debug|Any CPU.Build.0 = Debug|Any CPU
		{F3AC7E56-38F1-4911-9C33-4DEA410B15C7}.Release|Any CPU.ActiveCfg = Release|Any CPU
		{F3AC7E56-38F1-4911-9C33-4DEA410B15C7}.Release|Any CPU.Build.0 = Release|Any CPU
		{7B98D4DD-D95B-4F2D-A626-0E20EA859813}.Debug|Any CPU.ActiveCfg = Debug|Any CPU
		{7B98D4DD-D95B-4F2D-A626-0E20EA859813}.Debug|Any CPU.Build.0 = Debug|Any CPU
		{7B98D4DD-D95B-4F2D-A626-0E20EA859813}.Release|Any CPU.ActiveCfg = Release|Any CPU
		{7B98D4DD-D95B-4F2D-A626-0E20EA859813}.Release|Any CPU.Build.0 = Release|Any CPU
		{9708562F-4051-4D7F-B773-A0B7783BAA1E}.Debug|Any CPU.ActiveCfg = Debug|Any CPU
		{9708562F-4051-4D7F-B773-A0B7783BAA1E}.Debug|Any CPU.Build.0 = Debug|Any CPU
		{9708562F-4051-4D7F-B773-A0B7783BAA1E}.Release|Any CPU.ActiveCfg = Release|Any CPU
		{9708562F-4051-4D7F-B773-A0B7783BAA1E}.Release|Any CPU.Build.0 = Release|Any CPU
		{20101D23-A224-48BF-9F9E-8D54B89CBED6}.Debug|Any CPU.ActiveCfg = Debug|Any CPU
		{20101D23-A224-48BF-9F9E-8D54B89CBED6}.Debug|Any CPU.Build.0 = Debug|Any CPU
		{20101D23-A224-48BF-9F9E-8D54B89CBED6}.Release|Any CPU.ActiveCfg = Release|Any CPU
		{20101D23-A224-48BF-9F9E-8D54B89CBED6}.Release|Any CPU.Build.0 = Release|Any CPU
		{45B2DEEE-BE2A-4E98-957B-E7E83712B6C5}.Debug|Any CPU.ActiveCfg = Debug|Any CPU
		{45B2DEEE-BE2A-4E98-957B-E7E83712B6C5}.Debug|Any CPU.Build.0 = Debug|Any CPU
		{45B2DEEE-BE2A-4E98-957B-E7E83712B6C5}.Release|Any CPU.ActiveCfg = Release|Any CPU
		{45B2DEEE-BE2A-4E98-957B-E7E83712B6C5}.Release|Any CPU.Build.0 = Release|Any CPU
		{3C4F8BC0-D4FE-4514-B0FB-03B1B5C8DA22}.Debug|Any CPU.ActiveCfg = Debug|Any CPU
		{3C4F8BC0-D4FE-4514-B0FB-03B1B5C8DA22}.Debug|Any CPU.Build.0 = Debug|Any CPU
		{3C4F8BC0-D4FE-4514-B0FB-03B1B5C8DA22}.Release|Any CPU.ActiveCfg = Release|Any CPU
		{3C4F8BC0-D4FE-4514-B0FB-03B1B5C8DA22}.Release|Any CPU.Build.0 = Release|Any CPU
		{5824CEE9-4F99-4208-89CE-9025BC85E00B}.Debug|Any CPU.ActiveCfg = Debug|Any CPU
		{5824CEE9-4F99-4208-89CE-9025BC85E00B}.Debug|Any CPU.Build.0 = Debug|Any CPU
		{5824CEE9-4F99-4208-89CE-9025BC85E00B}.Release|Any CPU.ActiveCfg = Release|Any CPU
		{5824CEE9-4F99-4208-89CE-9025BC85E00B}.Release|Any CPU.Build.0 = Release|Any CPU
		{F5B46DD1-6FD2-4EBD-81D7-6292C6136876}.Debug|Any CPU.ActiveCfg = Debug|Any CPU
		{F5B46DD1-6FD2-4EBD-81D7-6292C6136876}.Debug|Any CPU.Build.0 = Debug|Any CPU
		{F5B46DD1-6FD2-4EBD-81D7-6292C6136876}.Release|Any CPU.ActiveCfg = Release|Any CPU
		{F5B46DD1-6FD2-4EBD-81D7-6292C6136876}.Release|Any CPU.Build.0 = Release|Any CPU
		{D1F4569F-72CE-4CDC-9A4E-6C60BDC64A84}.Debug|Any CPU.ActiveCfg = Debug|Any CPU
		{D1F4569F-72CE-4CDC-9A4E-6C60BDC64A84}.Debug|Any CPU.Build.0 = Debug|Any CPU
		{D1F4569F-72CE-4CDC-9A4E-6C60BDC64A84}.Release|Any CPU.ActiveCfg = Release|Any CPU
		{D1F4569F-72CE-4CDC-9A4E-6C60BDC64A84}.Release|Any CPU.Build.0 = Release|Any CPU
	EndGlobalSection
	GlobalSection(SolutionProperties) = preSolution
		HideSolutionNode = FALSE
	EndGlobalSection
EndGlobal
